
Microsoft Visual Studio Solution File, Format Version 12.00
# Visual Studio Version 16
VisualStudioVersion = 16.0.31515.178
MinimumVisualStudioVersion = 10.0.40219.1
Project("{9A19103F-16F7-4668-BE54-9A1E7A4F7556}") = "ForeignWay.DeliveryManager.App", "src\ForeignWay.DeliveryManager.App\ForeignWay.DeliveryManager.App.csproj", "{3428C144-B1D5-47B2-A201-FFFCC56A4866}"
EndProject
Project("{9A19103F-16F7-4668-BE54-9A1E7A4F7556}") = "ForeignWay.DeliveryManager.DatabaseAccess", "src\ForeignWay.DeliveryManager.DatabaseAccess\ForeignWay.DeliveryManager.DatabaseAccess.csproj", "{E991F1E8-45DE-4A3F-B7AA-8172DBF983F2}"
EndProject
Project("{9A19103F-16F7-4668-BE54-9A1E7A4F7556}") = "ForeignWay.DeliveryManager.DatabaseAccess.Contracts", "src\ForeignWay.DeliveryManager.DatabaseAccess.Contracts\ForeignWay.DeliveryManager.DatabaseAccess.Contracts.csproj", "{86E49773-31FF-49CC-BCDF-85472C337049}"
EndProject
Project("{9A19103F-16F7-4668-BE54-9A1E7A4F7556}") = "ForeignWay.DeliveryManager.BusinessLogic", "src\ForeignWay.DeliveryManager.BusinessLogic\ForeignWay.DeliveryManager.BusinessLogic.csproj", "{AFC9D176-E81C-4102-AA18-961B154C30C5}"
EndProject
Project("{9A19103F-16F7-4668-BE54-9A1E7A4F7556}") = "ForeignWay.DeliveryManager.BusinessLogic.Contracts", "src\ForeignWay.DeliveryManager.BusinessLogic.Contracts\ForeignWay.DeliveryManager.BusinessLogic.Contracts.csproj", "{3196FBA5-F8F9-420F-91C9-80CAEA0BB22C}"
EndProject
Project("{9A19103F-16F7-4668-BE54-9A1E7A4F7556}") = "ForeignWay.DeliveryManager.Bootstrapper", "src\ForeignWay.DeliveryManager.Boostrapper\ForeignWay.DeliveryManager.Bootstrapper.csproj", "{C8C5E4C0-210F-431C-B0CF-637D5C2BE9B2}"
EndProject
Project("{9A19103F-16F7-4668-BE54-9A1E7A4F7556}") = "ForeignWay.DeliveryManager.StringResources", "src\ForeignWay.DeliveryManager.StringResources\ForeignWay.DeliveryManager.StringResources.csproj", "{47209856-FC19-4894-8560-66F45DAB8784}"
EndProject
Project("{9A19103F-16F7-4668-BE54-9A1E7A4F7556}") = "_build", "src\_build\_build.csproj", "{DA0C5EDE-5189-493A-AB22-EE3BF8712DDE}"
EndProject
Project("{9A19103F-16F7-4668-BE54-9A1E7A4F7556}") = "ForeignWay.DeliveryManager.Types", "src\ForeignWay.DeliveryManager.Types\ForeignWay.DeliveryManager.Types.csproj", "{9197F363-5607-4954-B2E0-24255B7763CE}"
EndProject
Project("{2150E333-8FDC-42A3-9474-1A3956D46DE8}") = "1_Domain", "1_Domain", "{A8A25FC0-8780-4053-9961-018AFDE6EC02}"
EndProject
Project("{2150E333-8FDC-42A3-9474-1A3956D46DE8}") = "2_UseCases", "2_UseCases", "{C23C68C2-ACD2-4301-BABF-C2AE39252F95}"
EndProject
Project("{2150E333-8FDC-42A3-9474-1A3956D46DE8}") = "3_Framework", "3_Framework", "{54122B64-C4E1-4F14-BB51-F3FB081348F1}"
EndProject
Project("{2150E333-8FDC-42A3-9474-1A3956D46DE8}") = "Presentation", "Presentation", "{D40CEA15-D160-4A6E-AC49-062F145430B1}"
EndProject
Project("{2150E333-8FDC-42A3-9474-1A3956D46DE8}") = "Database", "Database", "{053A9475-3B48-40CD-BC50-5405FC0DCB4B}"
EndProject
Project("{2150E333-8FDC-42A3-9474-1A3956D46DE8}") = "Bootstrapping", "Bootstrapping", "{3B1E01A4-4FAF-413D-96B6-714FACDFB38E}"
EndProject
Global
	GlobalSection(SolutionConfigurationPlatforms) = preSolution
		Debug|Any CPU = Debug|Any CPU
		Release|Any CPU = Release|Any CPU
	EndGlobalSection
	GlobalSection(ProjectConfigurationPlatforms) = postSolution
		{3428C144-B1D5-47B2-A201-FFFCC56A4866}.Debug|Any CPU.ActiveCfg = Debug|Any CPU
		{3428C144-B1D5-47B2-A201-FFFCC56A4866}.Debug|Any CPU.Build.0 = Debug|Any CPU
		{3428C144-B1D5-47B2-A201-FFFCC56A4866}.Release|Any CPU.ActiveCfg = Release|Any CPU
		{3428C144-B1D5-47B2-A201-FFFCC56A4866}.Release|Any CPU.Build.0 = Release|Any CPU
		{E991F1E8-45DE-4A3F-B7AA-8172DBF983F2}.Debug|Any CPU.ActiveCfg = Debug|Any CPU
		{E991F1E8-45DE-4A3F-B7AA-8172DBF983F2}.Debug|Any CPU.Build.0 = Debug|Any CPU
		{E991F1E8-45DE-4A3F-B7AA-8172DBF983F2}.Release|Any CPU.ActiveCfg = Release|Any CPU
		{E991F1E8-45DE-4A3F-B7AA-8172DBF983F2}.Release|Any CPU.Build.0 = Release|Any CPU
		{86E49773-31FF-49CC-BCDF-85472C337049}.Debug|Any CPU.ActiveCfg = Debug|Any CPU
		{86E49773-31FF-49CC-BCDF-85472C337049}.Debug|Any CPU.Build.0 = Debug|Any CPU
		{86E49773-31FF-49CC-BCDF-85472C337049}.Release|Any CPU.ActiveCfg = Release|Any CPU
		{86E49773-31FF-49CC-BCDF-85472C337049}.Release|Any CPU.Build.0 = Release|Any CPU
		{AFC9D176-E81C-4102-AA18-961B154C30C5}.Debug|Any CPU.ActiveCfg = Debug|Any CPU
		{AFC9D176-E81C-4102-AA18-961B154C30C5}.Debug|Any CPU.Build.0 = Debug|Any CPU
		{AFC9D176-E81C-4102-AA18-961B154C30C5}.Release|Any CPU.ActiveCfg = Release|Any CPU
		{AFC9D176-E81C-4102-AA18-961B154C30C5}.Release|Any CPU.Build.0 = Release|Any CPU
		{3196FBA5-F8F9-420F-91C9-80CAEA0BB22C}.Debug|Any CPU.ActiveCfg = Debug|Any CPU
		{3196FBA5-F8F9-420F-91C9-80CAEA0BB22C}.Debug|Any CPU.Build.0 = Debug|Any CPU
		{3196FBA5-F8F9-420F-91C9-80CAEA0BB22C}.Release|Any CPU.ActiveCfg = Release|Any CPU
		{3196FBA5-F8F9-420F-91C9-80CAEA0BB22C}.Release|Any CPU.Build.0 = Release|Any CPU
		{C8C5E4C0-210F-431C-B0CF-637D5C2BE9B2}.Debug|Any CPU.ActiveCfg = Debug|Any CPU
		{C8C5E4C0-210F-431C-B0CF-637D5C2BE9B2}.Debug|Any CPU.Build.0 = Debug|Any CPU
		{C8C5E4C0-210F-431C-B0CF-637D5C2BE9B2}.Release|Any CPU.ActiveCfg = Release|Any CPU
		{C8C5E4C0-210F-431C-B0CF-637D5C2BE9B2}.Release|Any CPU.Build.0 = Release|Any CPU
		{47209856-FC19-4894-8560-66F45DAB8784}.Debug|Any CPU.ActiveCfg = Debug|Any CPU
		{47209856-FC19-4894-8560-66F45DAB8784}.Debug|Any CPU.Build.0 = Debug|Any CPU
		{47209856-FC19-4894-8560-66F45DAB8784}.Release|Any CPU.ActiveCfg = Release|Any CPU
		{47209856-FC19-4894-8560-66F45DAB8784}.Release|Any CPU.Build.0 = Release|Any CPU
		{DA0C5EDE-5189-493A-AB22-EE3BF8712DDE}.Debug|Any CPU.ActiveCfg = Debug|Any CPU
		{DA0C5EDE-5189-493A-AB22-EE3BF8712DDE}.Release|Any CPU.ActiveCfg = Release|Any CPU
		{9197F363-5607-4954-B2E0-24255B7763CE}.Debug|Any CPU.ActiveCfg = Debug|Any CPU
		{9197F363-5607-4954-B2E0-24255B7763CE}.Debug|Any CPU.Build.0 = Debug|Any CPU
		{9197F363-5607-4954-B2E0-24255B7763CE}.Release|Any CPU.ActiveCfg = Release|Any CPU
		{9197F363-5607-4954-B2E0-24255B7763CE}.Release|Any CPU.Build.0 = Release|Any CPU
	EndGlobalSection
	GlobalSection(SolutionProperties) = preSolution
		HideSolutionNode = FALSE
	EndGlobalSection
	GlobalSection(NestedProjects) = preSolution
		{3428C144-B1D5-47B2-A201-FFFCC56A4866} = {D40CEA15-D160-4A6E-AC49-062F145430B1}
		{E991F1E8-45DE-4A3F-B7AA-8172DBF983F2} = {053A9475-3B48-40CD-BC50-5405FC0DCB4B}
		{86E49773-31FF-49CC-BCDF-85472C337049} = {A8A25FC0-8780-4053-9961-018AFDE6EC02}
		{AFC9D176-E81C-4102-AA18-961B154C30C5} = {C23C68C2-ACD2-4301-BABF-C2AE39252F95}
		{3196FBA5-F8F9-420F-91C9-80CAEA0BB22C} = {C23C68C2-ACD2-4301-BABF-C2AE39252F95}
		{C8C5E4C0-210F-431C-B0CF-637D5C2BE9B2} = {3B1E01A4-4FAF-413D-96B6-714FACDFB38E}
		{47209856-FC19-4894-8560-66F45DAB8784} = {A8A25FC0-8780-4053-9961-018AFDE6EC02}
		{9197F363-5607-4954-B2E0-24255B7763CE} = {A8A25FC0-8780-4053-9961-018AFDE6EC02}
		{D40CEA15-D160-4A6E-AC49-062F145430B1} = {54122B64-C4E1-4F14-BB51-F3FB081348F1}
		{053A9475-3B48-40CD-BC50-5405FC0DCB4B} = {54122B64-C4E1-4F14-BB51-F3FB081348F1}
		{3B1E01A4-4FAF-413D-96B6-714FACDFB38E} = {54122B64-C4E1-4F14-BB51-F3FB081348F1}
	EndGlobalSection
	GlobalSection(ExtensibilityGlobals) = postSolution
		SolutionGuid = {1C187811-B0A7-4E37-B4CB-1803913697DC}
	EndGlobalSection
EndGlobal
